
Microsoft Visual Studio Solution File, Format Version 12.00
# Visual Studio Version 17
VisualStudioVersion = 17.3.32922.545
MinimumVisualStudioVersion = 10.0.40219.1
Project("{FAE04EC0-301F-11D3-BF4B-00C04F79EFBC}") = "Bhaskara", "Bhaskara.csproj", "{9F78AA27-17A6-4D02-A896-E70751AFF593}"
EndProject
Global
	GlobalSection(SolutionConfigurationPlatforms) = preSolution
		Debug|Any CPU = Debug|Any CPU
		Release|Any CPU = Release|Any CPU
	EndGlobalSection
	GlobalSection(ProjectConfigurationPlatforms) = postSolution
		{9F78AA27-17A6-4D02-A896-E70751AFF593}.Debug|Any CPU.ActiveCfg = Debug|Any CPU
		{9F78AA27-17A6-4D02-A896-E70751AFF593}.Debug|Any CPU.Build.0 = Debug|Any CPU
		{9F78AA27-17A6-4D02-A896-E70751AFF593}.Release|Any CPU.ActiveCfg = Release|Any CPU
		{9F78AA27-17A6-4D02-A896-E70751AFF593}.Release|Any CPU.Build.0 = Release|Any CPU
	EndGlobalSection
	GlobalSection(SolutionProperties) = preSolution
		HideSolutionNode = FALSE
	EndGlobalSection
	GlobalSection(ExtensibilityGlobals) = postSolution
		SolutionGuid = {8C7EB36A-4977-48A9-AFCA-CE4BF6AE726A}
	EndGlobalSection
EndGlobal
