
Microsoft Visual Studio Solution File, Format Version 12.00
# Visual Studio Version 17
VisualStudioVersion = 17.6.33723.286
MinimumVisualStudioVersion = 10.0.40219.1
Project("{FAE04EC0-301F-11D3-BF4B-00C04F79EFBC}") = "Apresentar-OO", "Apresentar-OO.csproj", "{3468368C-D5FA-4D71-B0F3-A419C33A6227}"
EndProject
Project("{2150E333-8FDC-42A3-9474-1A3956D46DE8}") = "Solution Items", "Solution Items", "{4EB9EF66-14D8-41AC-A217-5A86040B6A05}"
	ProjectSection(SolutionItems) = preProject
		.editorconfig = .editorconfig
	EndProjectSection
EndProject
Global
	GlobalSection(SolutionConfigurationPlatforms) = preSolution
		Debug|Any CPU = Debug|Any CPU
		Release|Any CPU = Release|Any CPU
	EndGlobalSection
	GlobalSection(ProjectConfigurationPlatforms) = postSolution
		{3468368C-D5FA-4D71-B0F3-A419C33A6227}.Debug|Any CPU.ActiveCfg = Debug|Any CPU
		{3468368C-D5FA-4D71-B0F3-A419C33A6227}.Debug|Any CPU.Build.0 = Debug|Any CPU
		{3468368C-D5FA-4D71-B0F3-A419C33A6227}.Release|Any CPU.ActiveCfg = Release|Any CPU
		{3468368C-D5FA-4D71-B0F3-A419C33A6227}.Release|Any CPU.Build.0 = Release|Any CPU
	EndGlobalSection
	GlobalSection(SolutionProperties) = preSolution
		HideSolutionNode = FALSE
	EndGlobalSection
	GlobalSection(ExtensibilityGlobals) = postSolution
		SolutionGuid = {AC9C6C40-F301-4157-A902-DE8BCA9E866C}
	EndGlobalSection
EndGlobal
